{
    "_readme": [
        "This file locks the dependencies of your project to a known state",
        "Read more about it at http://getcomposer.org/doc/01-basic-usage.md#composer-lock-the-lock-file",
        "This file is @generated automatically"
    ],
    "hash": "29b159929abc19c86a1fbf1f7d92e2a2",
    "packages": [
        {
            "name": "stevenmaguire/oauth-shim-php",
            "version": "0.0.1",
            "source": {
                "type": "git",
                "url": "https://github.com/stevenmaguire/oauth-shim-php.git",
                "reference": "51ddfba9714c5efeeb15ae3441fc905ee059898c"
            },
            "dist": {
                "type": "zip",
                "url": "https://api.github.com/repos/stevenmaguire/oauth-shim-php/zipball/51ddfba9714c5efeeb15ae3441fc905ee059898c",
                "reference": "51ddfba9714c5efeeb15ae3441fc905ee059898c",
                "shasum": ""
            },
            "require": {
                "php": ">=5.4.0"
            },
            "type": "library",
            "autoload": {
                "classmap": [
                    "tests/TestCase.php"
                ],
                "psr-0": {
                    "Stevenmaguire\\Oauth\\": "src/"
                }
            },
            "notification-url": "https://packagist.org/downloads/",
            "license": [
                "MIT"
            ],
            "authors": [
                {
                    "name": "Steven Maguire",
                    "email": "stevenmaguire@gmail.com"
                }
            ],
            "description": "A php shim for Oauth dependancies",
            "time": "2014-10-21 02:45:33"
        }
    ],
    "packages-dev": [],
    "aliases": [],
    "minimum-stability": "stable",
    "stability-flags": [],
    "prefer-stable": false,
    "platform": {
        "php": ">=5.4.0"
    },
    "platform-dev": []
}
